
Microsoft Visual Studio Solution File, Format Version 12.00
# Visual Studio Version 17
VisualStudioVersion = 17.6.33801.468
MinimumVisualStudioVersion = 10.0.40219.1
Project("{FAE04EC0-301F-11D3-BF4B-00C04F79EFBC}") = "semantic-sandbox", "semantic-sandbox\semantic-sandbox.csproj", "{D4D5B050-0FD9-48F4-87AE-EFFB4CDC4A29}"
EndProject
Global
	GlobalSection(SolutionConfigurationPlatforms) = preSolution
		Debug|Any CPU = Debug|Any CPU
		Release|Any CPU = Release|Any CPU
	EndGlobalSection
	GlobalSection(ProjectConfigurationPlatforms) = postSolution
		{D4D5B050-0FD9-48F4-87AE-EFFB4CDC4A29}.Debug|Any CPU.ActiveCfg = Debug|Any CPU
		{D4D5B050-0FD9-48F4-87AE-EFFB4CDC4A29}.Debug|Any CPU.Build.0 = Debug|Any CPU
		{D4D5B050-0FD9-48F4-87AE-EFFB4CDC4A29}.Release|Any CPU.ActiveCfg = Release|Any CPU
		{D4D5B050-0FD9-48F4-87AE-EFFB4CDC4A29}.Release|Any CPU.Build.0 = Release|Any CPU
	EndGlobalSection
	GlobalSection(SolutionProperties) = preSolution
		HideSolutionNode = FALSE
	EndGlobalSection
	GlobalSection(ExtensibilityGlobals) = postSolution
		SolutionGuid = {5AD5261C-A8B2-4902-80D6-F597C8B49B53}
	EndGlobalSection
EndGlobal
